<?xml version="1.0" encoding="utf-8"?>
<Project ToolsVersion="4.0" xmlns="http://schemas.microsoft.com/developer/msbuild/2003">
  <ItemGroup>
    <Filter Include="Source Files">
      <UniqueIdentifier>{4FC737F1-C7A5-4376-A066-2A32D752A2FF}</UniqueIdentifier>
      <Extensions>cpp;c;cc;cxx;def;odl;idl;hpj;bat;asm;asmx</Extensions>
    </Filter>
    <Filter Include="Header Files">
      <UniqueIdentifier>{93995380-89BD-4b04-88EB-625FBE52EBFB}</UniqueIdentifier>
      <Extensions>h;hh;hpp;hxx;hm;inl;inc;xsd</Extensions>
    </Filter>
    <Filter Include="Resource Files">
      <UniqueIdentifier>{67DA6AB6-F800-4c08-8B7A-83BB121AAD01}</UniqueIdentifier>
      <Extensions>rc;ico;cur;bmp;dlg;rc2;rct;bin;rgs;gif;jpg;jpeg;jpe;resx;tiff;tif;png;wav;mfcribbon-ms</Extensions>
    </Filter>
    <Filter Include="Source Files\Chapter02">
      <UniqueIdentifier>{44b45124-096b-43e0-933d-d1040d5c5dd0}</UniqueIdentifier>
    </Filter>
    <Filter Include="Source Files\Chapter03">
      <UniqueIdentifier>{73b40a14-f641-4b01-b6c3-4fd17daf67b3}</UniqueIdentifier>
    </Filter>
    <Filter Include="Source Files\Chapter04">
      <UniqueIdentifier>{cdf135ad-3f6d-4c86-ac8b-fd36651be17b}</UniqueIdentifier>
    </Filter>
    <Filter Include="Source Files\Chapter05">
      <UniqueIdentifier>{d64efacc-242d-4172-8730-6968016e5102}</UniqueIdentifier>
    </Filter>
  </ItemGroup>
  <ItemGroup>
    <ClCompile Include="Chapter05\Anisotropic\Anisotropic.cpp">
      <Filter>Source Files\Chapter05</Filter>
    </ClCompile>
  </ItemGroup>
</Project>