<?xml version="1.0" encoding="utf-8"?>
<Project ToolsVersion="4.0" xmlns="http://schemas.microsoft.com/developer/msbuild/2003">
  <ItemGroup>
    <Filter Include="Source Files">
      <UniqueIdentifier>{4FC737F1-C7A5-4376-A066-2A32D752A2FF}</UniqueIdentifier>
      <Extensions>cpp;c;cc;cxx;def;odl;idl;hpj;bat;asm;asmx</Extensions>
    </Filter>
    <Filter Include="Header Files">
      <UniqueIdentifier>{93995380-89BD-4b04-88EB-625FBE52EBFB}</UniqueIdentifier>
      <Extensions>h;hh;hpp;hxx;hm;inl;inc;xsd</Extensions>
    </Filter>
    <Filter Include="Resource Files">
      <UniqueIdentifier>{67DA6AB6-F800-4c08-8B7A-83BB121AAD01}</UniqueIdentifier>
      <Extensions>rc;ico;cur;bmp;dlg;rc2;rct;bin;rgs;gif;jpg;jpeg;jpe;resx;tiff;tif;png;wav;mfcribbon-ms</Extensions>
    </Filter>
    <Filter Include="Source Files\Chapter02">
      <UniqueIdentifier>{44b45124-096b-43e0-933d-d1040d5c5dd0}</UniqueIdentifier>
    </Filter>
    <Filter Include="Source Files\Chapter03">
      <UniqueIdentifier>{73b40a14-f641-4b01-b6c3-4fd17daf67b3}</UniqueIdentifier>
    </Filter>
    <Filter Include="Source Files\Chapter04">
      <UniqueIdentifier>{cdf135ad-3f6d-4c86-ac8b-fd36651be17b}</UniqueIdentifier>
    </Filter>
    <Filter Include="Source Files\Chapter05">
      <UniqueIdentifier>{d64efacc-242d-4172-8730-6968016e5102}</UniqueIdentifier>
    </Filter>
    <Filter Include="Source Files\Chapter06">
      <UniqueIdentifier>{719f7442-7fb5-4658-a960-c649ce3102f3}</UniqueIdentifier>
    </Filter>
    <Filter Include="Source Files\Chapter07">
      <UniqueIdentifier>{8751818d-7f41-4e71-a0a4-52580531f5db}</UniqueIdentifier>
    </Filter>
  </ItemGroup>
  <ItemGroup>
    <ClInclude Include="resource.h">
      <Filter>Header Files</Filter>
    </ClInclude>
  </ItemGroup>
  <ItemGroup>
    <ResourceCompile Include="OpenglBible5Code.rc">
      <Filter>Resource Files</Filter>
    </ResourceCompile>
  </ItemGroup>
  <ItemGroup>
    <Image Include="Chapter07\TextureArrays\moon00.tga">
      <Filter>Source Files\Chapter07</Filter>
    </Image>
    <Image Include="Chapter07\TextureArrays\moon01.tga">
      <Filter>Source Files\Chapter07</Filter>
    </Image>
    <Image Include="Chapter07\TextureArrays\moon02.tga">
      <Filter>Source Files\Chapter07</Filter>
    </Image>
    <Image Include="Chapter07\TextureArrays\moon03.tga">
      <Filter>Source Files\Chapter07</Filter>
    </Image>
    <Image Include="Chapter07\TextureArrays\moon04.tga">
      <Filter>Source Files\Chapter07</Filter>
    </Image>
    <Image Include="Chapter07\TextureArrays\moon05.tga">
      <Filter>Source Files\Chapter07</Filter>
    </Image>
    <Image Include="Chapter07\TextureArrays\moon06.tga">
      <Filter>Source Files\Chapter07</Filter>
    </Image>
    <Image Include="Chapter07\TextureArrays\moon07.tga">
      <Filter>Source Files\Chapter07</Filter>
    </Image>
    <Image Include="Chapter07\TextureArrays\moon08.tga">
      <Filter>Source Files\Chapter07</Filter>
    </Image>
    <Image Include="Chapter07\TextureArrays\moon09.tga">
      <Filter>Source Files\Chapter07</Filter>
    </Image>
    <Image Include="Chapter07\TextureArrays\moon10.tga">
      <Filter>Source Files\Chapter07</Filter>
    </Image>
    <Image Include="Chapter07\TextureArrays\moon11.tga">
      <Filter>Source Files\Chapter07</Filter>
    </Image>
    <Image Include="Chapter07\TextureArrays\moon12.tga">
      <Filter>Source Files\Chapter07</Filter>
    </Image>
    <Image Include="Chapter07\TextureArrays\moon13.tga">
      <Filter>Source Files\Chapter07</Filter>
    </Image>
    <Image Include="Chapter07\TextureArrays\moon14.tga">
      <Filter>Source Files\Chapter07</Filter>
    </Image>
    <Image Include="Chapter07\TextureArrays\moon15.tga">
      <Filter>Source Files\Chapter07</Filter>
    </Image>
    <Image Include="Chapter07\TextureArrays\moon16.tga">
      <Filter>Source Files\Chapter07</Filter>
    </Image>
    <Image Include="Chapter07\TextureArrays\moon17.tga">
      <Filter>Source Files\Chapter07</Filter>
    </Image>
    <Image Include="Chapter07\TextureArrays\moon18.tga">
      <Filter>Source Files\Chapter07</Filter>
    </Image>
    <Image Include="Chapter07\TextureArrays\moon19.tga">
      <Filter>Source Files\Chapter07</Filter>
    </Image>
    <Image Include="Chapter07\TextureArrays\moon20.tga">
      <Filter>Source Files\Chapter07</Filter>
    </Image>
    <Image Include="Chapter07\TextureArrays\moon21.tga">
      <Filter>Source Files\Chapter07</Filter>
    </Image>
    <Image Include="Chapter07\TextureArrays\moon22.tga">
      <Filter>Source Files\Chapter07</Filter>
    </Image>
    <Image Include="Chapter07\TextureArrays\moon23.tga">
      <Filter>Source Files\Chapter07</Filter>
    </Image>
    <Image Include="Chapter07\TextureArrays\moon24.tga">
      <Filter>Source Files\Chapter07</Filter>
    </Image>
    <Image Include="Chapter07\TextureArrays\moon25.tga">
      <Filter>Source Files\Chapter07</Filter>
    </Image>
    <Image Include="Chapter07\TextureArrays\moon26.tga">
      <Filter>Source Files\Chapter07</Filter>
    </Image>
    <Image Include="Chapter07\TextureArrays\moon27.tga">
      <Filter>Source Files\Chapter07</Filter>
    </Image>
    <Image Include="Chapter07\TextureArrays\moon28.tga">
      <Filter>Source Files\Chapter07</Filter>
    </Image>
    <Image Include="Chapter07\TextureArrays\star.tga">
      <Filter>Source Files\Chapter07</Filter>
    </Image>
  </ItemGroup>
  <ItemGroup>
    <None Include="Chapter07\TextureArrays\MoonShader.fp">
      <Filter>Source Files\Chapter07</Filter>
    </None>
    <None Include="Chapter07\TextureArrays\MoonShader.vp">
      <Filter>Source Files\Chapter07</Filter>
    </None>
    <None Include="Chapter07\TextureArrays\StarField.fp">
      <Filter>Source Files\Chapter07</Filter>
    </None>
    <None Include="Chapter07\TextureArrays\StarField.vp">
      <Filter>Source Files\Chapter07</Filter>
    </None>
  </ItemGroup>
  <ItemGroup>
    <ClCompile Include="Chapter07\TextureArrays\TextureArrays.cpp">
      <Filter>Source Files\Chapter07</Filter>
    </ClCompile>
  </ItemGroup>
</Project>